
Microsoft Visual Studio Solution File, Format Version 12.00
# Visual Studio Version 16
VisualStudioVersion = 16.0.29411.108
MinimumVisualStudioVersion = 10.0.40219.1
Project("{FAE04EC0-301F-11D3-BF4B-00C04F79EFBC}") = "LabstarService", "LabstarService\LabstarService.csproj", "{8FEEE711-0CAF-4C25-AADD-49845702485D}"
EndProject
Global
	GlobalSection(SolutionConfigurationPlatforms) = preSolution
		Debug|Any CPU = Debug|Any CPU
		Release|Any CPU = Release|Any CPU
	EndGlobalSection
	GlobalSection(ProjectConfigurationPlatforms) = postSolution
		{8FEEE711-0CAF-4C25-AADD-49845702485D}.Debug|Any CPU.ActiveCfg = Debug|Any CPU
		{8FEEE711-0CAF-4C25-AADD-49845702485D}.Debug|Any CPU.Build.0 = Debug|Any CPU
		{8FEEE711-0CAF-4C25-AADD-49845702485D}.Release|Any CPU.ActiveCfg = Release|Any CPU
		{8FEEE711-0CAF-4C25-AADD-49845702485D}.Release|Any CPU.Build.0 = Release|Any CPU
	EndGlobalSection
	GlobalSection(SolutionProperties) = preSolution
		HideSolutionNode = FALSE
	EndGlobalSection
	GlobalSection(ExtensibilityGlobals) = postSolution
		SolutionGuid = {3068CBE6-F0F9-4B02-AB16-6CEA61CE69F7}
	EndGlobalSection
EndGlobal
