
Microsoft Visual Studio Solution File, Format Version 12.00
# Visual Studio Version 16
VisualStudioVersion = 16.0.29411.108
MinimumVisualStudioVersion = 10.0.40219.1
Project("{FAE04EC0-301F-11D3-BF4B-00C04F79EFBC}") = "LabstarFileRunnerService", "LabstarFileRunnerService\LabstarFileRunnerService.csproj", "{C1FB929E-A4E4-430A-8A2C-65956A992323}"
EndProject
Global
	GlobalSection(SolutionConfigurationPlatforms) = preSolution
		Debug|Any CPU = Debug|Any CPU
		Release|Any CPU = Release|Any CPU
	EndGlobalSection
	GlobalSection(ProjectConfigurationPlatforms) = postSolution
		{C1FB929E-A4E4-430A-8A2C-65956A992323}.Debug|Any CPU.ActiveCfg = Debug|Any CPU
		{C1FB929E-A4E4-430A-8A2C-65956A992323}.Debug|Any CPU.Build.0 = Debug|Any CPU
		{C1FB929E-A4E4-430A-8A2C-65956A992323}.Release|Any CPU.ActiveCfg = Release|Any CPU
		{C1FB929E-A4E4-430A-8A2C-65956A992323}.Release|Any CPU.Build.0 = Release|Any CPU
	EndGlobalSection
	GlobalSection(SolutionProperties) = preSolution
		HideSolutionNode = FALSE
	EndGlobalSection
	GlobalSection(ExtensibilityGlobals) = postSolution
		SolutionGuid = {5BCCA254-14E7-4174-8A5B-3908A91281AE}
	EndGlobalSection
EndGlobal
